<?xml version="1.0" encoding="UTF-8" standalone="yes" ?>
<CodeBlocks_project_file>
	<FileVersion major="1" minor="6" />
	<Project>
		<Option title="TUCOLEGIO" />
		<Option pch_mode="2" />
		<Option compiler="gcc" />
		<Build>
			<Target title="Debug">
				<Option output="bin/Debug/TUCOLEGIO" prefix_auto="1" extension_auto="1" />
				<Option object_output="obj/Debug/" />
				<Option type="1" />
				<Option compiler="gcc" />
				<Compiler>
					<Add option="-g" />
					<Add directory="CLASES-ARCHIVOS" />
					<Add directory="MANAGER" />
				</Compiler>
			</Target>
			<Target title="Release">
				<Option output="bin/Release/TUCOLEGIO" prefix_auto="1" extension_auto="1" />
				<Option object_output="obj/Release/" />
				<Option type="1" />
				<Option compiler="gcc" />
				<Compiler>
					<Add option="-O2" />
					<Add directory="CLASES-ARCHIVOS" />
					<Add directory="MANAGER" />
				</Compiler>
				<Linker>
					<Add option="-s" />
				</Linker>
			</Target>
		</Build>
		<Compiler>
			<Add option="-Wall" />
			<Add option="-fexceptions" />
		</Compiler>
		<Unit filename="CLASES-ARCHIVOS/Alumno.cpp" />
		<Unit filename="CLASES-ARCHIVOS/Alumno.h" />
		<Unit filename="CLASES-ARCHIVOS/AlumnoArchivo.cpp" />
		<Unit filename="CLASES-ARCHIVOS/AlumnoArchivo.h" />
		<Unit filename="CLASES-ARCHIVOS/Comunicados.cpp" />
		<Unit filename="CLASES-ARCHIVOS/Comunicados.h" />
		<Unit filename="CLASES-ARCHIVOS/ComunicadosArchivo.cpp" />
		<Unit filename="CLASES-ARCHIVOS/ComunicadosArchivo.h" />
		<Unit filename="CLASES-ARCHIVOS/Cuota.cpp" />
		<Unit filename="CLASES-ARCHIVOS/Cuota.h" />
		<Unit filename="CLASES-ARCHIVOS/CuotaArchivo.cpp" />
		<Unit filename="CLASES-ARCHIVOS/CuotaArchivo.h" />
		<Unit filename="CLASES-ARCHIVOS/Falta.cpp" />
		<Unit filename="CLASES-ARCHIVOS/Falta.h" />
		<Unit filename="CLASES-ARCHIVOS/FaltaArchivo.cpp" />
		<Unit filename="CLASES-ARCHIVOS/FaltaArchivo.h" />
		<Unit filename="CLASES-ARCHIVOS/Materia.cpp" />
		<Unit filename="CLASES-ARCHIVOS/Materia.h" />
		<Unit filename="CLASES-ARCHIVOS/MateriaArchivo.cpp" />
		<Unit filename="CLASES-ARCHIVOS/MateriaArchivo.h" />
		<Unit filename="CLASES-ARCHIVOS/Notas.cpp" />
		<Unit filename="CLASES-ARCHIVOS/Notas.h" />
		<Unit filename="CLASES-ARCHIVOS/NotasArchivo.cpp" />
		<Unit filename="CLASES-ARCHIVOS/NotasArchivo.h" />
		<Unit filename="CLASES-ARCHIVOS/Pago.cpp" />
		<Unit filename="CLASES-ARCHIVOS/Pago.h" />
		<Unit filename="CLASES-ARCHIVOS/PagoArchivo.cpp" />
		<Unit filename="CLASES-ARCHIVOS/PagoArchivo.h" />
		<Unit filename="CLASES-ARCHIVOS/Persona.cpp" />
		<Unit filename="CLASES-ARCHIVOS/Persona.h" />
		<Unit filename="CLASES-ARCHIVOS/PersonaArchivo.h" />
		<Unit filename="CLASES-ARCHIVOS/Profesor.cpp" />
		<Unit filename="CLASES-ARCHIVOS/Profesor.h" />
		<Unit filename="CLASES-ARCHIVOS/ProfesorArchivo.cpp" />
		<Unit filename="CLASES-ARCHIVOS/ProfesorArchivo.h" />
		<Unit filename="MANAGER/AlumnoManager.cpp" />
		<Unit filename="MANAGER/AlumnoManager.h" />
		<Unit filename="MANAGER/ComunicadosManager.cpp" />
		<Unit filename="MANAGER/ComunicadosManager.h" />
		<Unit filename="MANAGER/CuotaManager.cpp" />
		<Unit filename="MANAGER/CuotaManager.h" />
		<Unit filename="MANAGER/FaltaManager.cpp" />
		<Unit filename="MANAGER/FaltaManager.h" />
		<Unit filename="MANAGER/MateriaManager.cpp" />
		<Unit filename="MANAGER/MateriaManager.h" />
		<Unit filename="MANAGER/NotaManager.cpp" />
		<Unit filename="MANAGER/NotaManager.h" />
		<Unit filename="MANAGER/PagoManager.cpp" />
		<Unit filename="MANAGER/PagoManager.h" />
		<Unit filename="MANAGER/ProfesorManager.cpp" />
		<Unit filename="MANAGER/ProfesorManager.h" />
		<Unit filename="MENUS/FUNCIONES_ADMIN.cpp" />
		<Unit filename="MENUS/FUNCIONES_ADMIN.h" />
		<Unit filename="MENUS/FUNCIONES_FRONT.cpp" />
		<Unit filename="MENUS/FUNCIONES_FRONT.h" />
		<Unit filename="MENUS/FUNCIONES_USER.cpp" />
		<Unit filename="MENUS/FUNCIONES_USER.h" />
		<Unit filename="MENUS/Fecha.cpp" />
		<Unit filename="MENUS/Fecha.h" />
		<Unit filename="MENUS/MENUS.h" />
		<Unit filename="MENUS/MENU_INICIO.CPP" />
		<Unit filename="MENUS/rlutil.h" />
		<Unit filename="TUCOLEGIO.cbp" />
		<Unit filename="main.cpp" />
		<Extensions />
	</Project>
</CodeBlocks_project_file>
